
Microsoft Visual Studio Solution File, Format Version 12.00
# Visual Studio Version 17
VisualStudioVersion = 17.1.32228.430
MinimumVisualStudioVersion = 10.0.40219.1
Project("{8BC9CEB8-8B4A-11D0-8D11-00A0C91BC942}") = "CountNumberOfSpanningTrees", "CountNumberOfSpanningTrees\CountNumberOfSpanningTrees.vcxproj", "{378A5CEA-5B42-4485-A223-25B110023F0C}"
EndProject
Global
	GlobalSection(SolutionConfigurationPlatforms) = preSolution
		Debug|x64 = Debug|x64
		Debug|x86 = Debug|x86
		Release|x64 = Release|x64
		Release|x86 = Release|x86
	EndGlobalSection
	GlobalSection(ProjectConfigurationPlatforms) = postSolution
		{378A5CEA-5B42-4485-A223-25B110023F0C}.Debug|x64.ActiveCfg = Debug|x64
		{378A5CEA-5B42-4485-A223-25B110023F0C}.Debug|x64.Build.0 = Debug|x64
		{378A5CEA-5B42-4485-A223-25B110023F0C}.Debug|x86.ActiveCfg = Debug|Win32
		{378A5CEA-5B42-4485-A223-25B110023F0C}.Debug|x86.Build.0 = Debug|Win32
		{378A5CEA-5B42-4485-A223-25B110023F0C}.Release|x64.ActiveCfg = Release|x64
		{378A5CEA-5B42-4485-A223-25B110023F0C}.Release|x64.Build.0 = Release|x64
		{378A5CEA-5B42-4485-A223-25B110023F0C}.Release|x86.ActiveCfg = Release|Win32
		{378A5CEA-5B42-4485-A223-25B110023F0C}.Release|x86.Build.0 = Release|Win32
	EndGlobalSection
	GlobalSection(SolutionProperties) = preSolution
		HideSolutionNode = FALSE
	EndGlobalSection
	GlobalSection(ExtensibilityGlobals) = postSolution
		SolutionGuid = {4AC2FCDF-564F-4AB9-A1C8-55B492CF5197}
	EndGlobalSection
EndGlobal
